schema: '2.0'
stages:
  create-conda-env:
    cmd: "mamba env create -y && mamba env export -n bl-turb-mod > environment.lock.yml\n"
    deps:
    - path: environment.yml
      hash: md5
      md5: be0c2a8acb4d290a6e078c046df50315
      size: 4620
    outs:
    - path: environment.lock.yml
      hash: md5
      md5: cacb2fa264cff6fd46c76da5de7645ac
      size: 9536
  extract-jhtdb-stats:
    cmd: calkit xenv -n main-python --no-check -- bash --noprofile --norc -c 
      "python scripts/setup-dns.py"
    deps:
    - path: .calkit/env-locks/main-python
      hash: md5
      md5: 250b99f3b13a93ca45efda9b3303cddf.dir
      size: 7386
      nfiles: 1
    - path: environment.yml
      hash: md5
      md5: e380f6aed1a433ce12fe571e9d0c4cae
      size: 4540
    - path: py_package/jhtdb.py
      hash: md5
      md5: c000a6740d15545ad19be23817c34b38
      size: 8467
    - path: scripts/setup-dns.py
      hash: md5
      md5: cd070c8b578d8947221130c66d236047
      size: 1152
    outs:
    - path: data/jhtdb-transitional-bl/all-stats.h5
      hash: md5
      md5: 00a5a69441882a30eb8fee49ff13f125
      size: 354031752
  compute-coeffs:
    cmd: ' bash --noprofile --norc -c "mkdir -p results && echo \"{}\" > results/coeffs.json"'
    deps:
    - path: data/jhtdb-transitional-bl/all-stats.h5
      hash: md5
      md5: 00a5a69441882a30eb8fee49ff13f125
      size: 354031752
    outs:
    - path: results/coeffs.json
      hash: md5
      md5: 8a80554c91d9fca8acb82f023de02f11
      size: 3
  build-sim-docker:
    cmd: cd sim && calkit build-docker blsim -i Dockerfile
    deps:
    - path: sim/Dockerfile
      hash: md5
      md5: 8a028ee22128104f6ef159df4bfca8dd
      size: 2189
    - path: sim/newModel/src/ransFromDns
      hash: md5
      md5: 618dfcd2d1ebbda9acec8d033ec18931.dir
      size: 14511
      nfiles: 3
    outs:
    - path: sim/Dockerfile-lock.json
      hash: md5
      md5: 613533dd2ac9dbdef1aff8ad5cada018
      size: 3027
  mesh-independence@15-k-epsilon:
    cmd: calkit xenv -n blsim --no-check -- bash --noprofile --norc -c "bash 
      sim/run-mesh-independence.sh 15 k-epsilon"
    deps:
    - path: .calkit/env-locks/blsim
      hash: md5
      md5: f80c4f3010eb119b4b0b77452f84e6fd.dir
      size: 1754
      nfiles: 1
    - path: sim/Dockerfile
      hash: md5
      md5: 11af7a032a082aab6278aff0d9dd72b0
      size: 2222
    - path: sim/run-mesh-independence.sh
      hash: md5
      md5: 31665348f560e985921dc6baa8293c97
      size: 129
    - path: sim/run.py
      hash: md5
      md5: 9a06d60c40dff633a8ed4d94a4bfcde6
      size: 4436
    - path: sim/system/blockMeshDict.template
      hash: md5
      md5: 929e0ead623cefe35ecc61a42e9f4b65
      size: 5014
    - path: sim/system/controlDict
      hash: md5
      md5: 5a237f528f8b406a3c203948c328f8b3
      size: 1418
    - path: sim/system/fvSchemes
      hash: md5
      md5: 6fef0be84478203a4b52c017dfdc6482
      size: 1743
    - path: sim/system/fvSolution
      hash: md5
      md5: 96c23f785d492f7426ccab4003c1cd6a
      size: 1697
    - path: sim/system/sample
      hash: md5
      md5: fe5811406d0ef554ab1061b37a077dac
      size: 1020
    outs:
    - path: sim/cases/k-epsilon-ny-15/postProcessing
      hash: md5
      md5: d68a4328771f30eff6258bd1be0ae6f9.dir
      size: 13306
      nfiles: 1
  mesh-independence@20-k-epsilon:
    cmd: calkit xenv -n blsim --no-check -- bash --noprofile --norc -c "bash 
      sim/run-mesh-independence.sh 20 k-epsilon"
    deps:
    - path: .calkit/env-locks/blsim
      hash: md5
      md5: f80c4f3010eb119b4b0b77452f84e6fd.dir
      size: 1754
      nfiles: 1
    - path: sim/Dockerfile
      hash: md5
      md5: 11af7a032a082aab6278aff0d9dd72b0
      size: 2222
    - path: sim/run-mesh-independence.sh
      hash: md5
      md5: 31665348f560e985921dc6baa8293c97
      size: 129
    - path: sim/run.py
      hash: md5
      md5: 9a06d60c40dff633a8ed4d94a4bfcde6
      size: 4436
    - path: sim/system/blockMeshDict.template
      hash: md5
      md5: 929e0ead623cefe35ecc61a42e9f4b65
      size: 5014
    - path: sim/system/controlDict
      hash: md5
      md5: 5a237f528f8b406a3c203948c328f8b3
      size: 1418
    - path: sim/system/fvSchemes
      hash: md5
      md5: 6fef0be84478203a4b52c017dfdc6482
      size: 1743
    - path: sim/system/fvSolution
      hash: md5
      md5: 96c23f785d492f7426ccab4003c1cd6a
      size: 1697
    - path: sim/system/sample
      hash: md5
      md5: fe5811406d0ef554ab1061b37a077dac
      size: 1020
    outs:
    - path: sim/cases/k-epsilon-ny-20/postProcessing
      hash: md5
      md5: 4cde0f7ed24b1bf7743818dabdd7008b.dir
      size: 13295
      nfiles: 1
  mesh-independence@30-k-epsilon:
    cmd: calkit xenv -n blsim --no-check -- bash --noprofile --norc -c "bash 
      sim/run-mesh-independence.sh 30 k-epsilon"
    deps:
    - path: .calkit/env-locks/blsim
      hash: md5
      md5: f80c4f3010eb119b4b0b77452f84e6fd.dir
      size: 1754
      nfiles: 1
    - path: sim/Dockerfile
      hash: md5
      md5: 11af7a032a082aab6278aff0d9dd72b0
      size: 2222
    - path: sim/run-mesh-independence.sh
      hash: md5
      md5: 31665348f560e985921dc6baa8293c97
      size: 129
    - path: sim/run.py
      hash: md5
      md5: 9a06d60c40dff633a8ed4d94a4bfcde6
      size: 4436
    - path: sim/system/blockMeshDict.template
      hash: md5
      md5: 929e0ead623cefe35ecc61a42e9f4b65
      size: 5014
    - path: sim/system/controlDict
      hash: md5
      md5: 5a237f528f8b406a3c203948c328f8b3
      size: 1418
    - path: sim/system/fvSchemes
      hash: md5
      md5: 6fef0be84478203a4b52c017dfdc6482
      size: 1743
    - path: sim/system/fvSolution
      hash: md5
      md5: 96c23f785d492f7426ccab4003c1cd6a
      size: 1697
    - path: sim/system/sample
      hash: md5
      md5: fe5811406d0ef554ab1061b37a077dac
      size: 1020
    outs:
    - path: sim/cases/k-epsilon-ny-30/postProcessing
      hash: md5
      md5: 640fe6fd6f5596d8a89bf452f4b06da6.dir
      size: 13311
      nfiles: 1
  mesh-independence@40-k-epsilon:
    cmd: calkit xenv -n blsim --no-check -- bash --noprofile --norc -c "bash 
      sim/run-mesh-independence.sh 40 k-epsilon"
    deps:
    - path: .calkit/env-locks/blsim
      hash: md5
      md5: f80c4f3010eb119b4b0b77452f84e6fd.dir
      size: 1754
      nfiles: 1
    - path: sim/Dockerfile
      hash: md5
      md5: 11af7a032a082aab6278aff0d9dd72b0
      size: 2222
    - path: sim/run-mesh-independence.sh
      hash: md5
      md5: 31665348f560e985921dc6baa8293c97
      size: 129
    - path: sim/run.py
      hash: md5
      md5: 9a06d60c40dff633a8ed4d94a4bfcde6
      size: 4436
    - path: sim/system/blockMeshDict.template
      hash: md5
      md5: 929e0ead623cefe35ecc61a42e9f4b65
      size: 5014
    - path: sim/system/controlDict
      hash: md5
      md5: 5a237f528f8b406a3c203948c328f8b3
      size: 1418
    - path: sim/system/fvSchemes
      hash: md5
      md5: 6fef0be84478203a4b52c017dfdc6482
      size: 1743
    - path: sim/system/fvSolution
      hash: md5
      md5: 96c23f785d492f7426ccab4003c1cd6a
      size: 1697
    - path: sim/system/sample
      hash: md5
      md5: fe5811406d0ef554ab1061b37a077dac
      size: 1020
    outs:
    - path: sim/cases/k-epsilon-ny-40/postProcessing
      hash: md5
      md5: 8b21b3a0ccacf22a1e1484f0fbd6358b.dir
      size: 13322
      nfiles: 1
  mesh-independence@60-k-epsilon:
    cmd: calkit xenv -n blsim --no-check -- bash --noprofile --norc -c "bash 
      sim/run-mesh-independence.sh 60 k-epsilon"
    deps:
    - path: .calkit/env-locks/blsim
      hash: md5
      md5: f80c4f3010eb119b4b0b77452f84e6fd.dir
      size: 1754
      nfiles: 1
    - path: sim/Dockerfile
      hash: md5
      md5: 11af7a032a082aab6278aff0d9dd72b0
      size: 2222
    - path: sim/run-mesh-independence.sh
      hash: md5
      md5: 31665348f560e985921dc6baa8293c97
      size: 129
    - path: sim/run.py
      hash: md5
      md5: 9a06d60c40dff633a8ed4d94a4bfcde6
      size: 4436
    - path: sim/system/blockMeshDict.template
      hash: md5
      md5: 929e0ead623cefe35ecc61a42e9f4b65
      size: 5014
    - path: sim/system/controlDict
      hash: md5
      md5: 5a237f528f8b406a3c203948c328f8b3
      size: 1418
    - path: sim/system/fvSchemes
      hash: md5
      md5: 6fef0be84478203a4b52c017dfdc6482
      size: 1743
    - path: sim/system/fvSolution
      hash: md5
      md5: 96c23f785d492f7426ccab4003c1cd6a
      size: 1697
    - path: sim/system/sample
      hash: md5
      md5: fe5811406d0ef554ab1061b37a077dac
      size: 1020
    outs:
    - path: sim/cases/k-epsilon-ny-60/postProcessing
      hash: md5
      md5: 2da54ec35ee9a403dc4baa4f21db9d52.dir
      size: 13336
      nfiles: 1
  create-mesh:
    cmd: cd sim && make clean-all && make mesh
    deps:
    - path: sim/Dockerfile.digest
      hash: md5
      md5: ede7e8cb64d6b8226bf438a9756f0ea0
      size: 72
    - path: sim/system/blockMeshDict
      hash: md5
      md5: 78bae4284736855c0ba10c704ed8da3d
      size: 4964
    outs:
    - path: sim/constant/polyMesh
      hash: md5
      md5: f4bc4831eb4447e1334055f41409f797.dir
      size: 3119331
      nfiles: 5
    - path: sim/log.blockMesh
      hash: md5
      md5: 4d015a8b4b4dd51833a6a786fe116f58
      size: 2960
  run-rans-sim:
    cmd: "mkdir -p sim/results && touch sim/results/time-ave-profile.csv && cd sim
      && make clean-sim && make run-sim\n"
    deps:
    - path: results/coeffs.json
      hash: md5
      md5: 8a80554c91d9fca8acb82f023de02f11
      size: 3
    - path: sim/0
      hash: md5
      md5: c0debab2d084ae0337208ff37c557014.dir
      size: 9847
      nfiles: 7
    - path: sim/constant/polyMesh
      hash: md5
      md5: f4bc4831eb4447e1334055f41409f797.dir
      size: 3119331
      nfiles: 5
    - path: sim/constant/transportProperties
      hash: md5
      md5: 308d95776c9f06ee1b8c6c02ca69e936
      size: 898
    - path: sim/constant/turbulenceProperties
      hash: md5
      md5: 7456cbf434eb78c0cfa8a3955c6a3501
      size: 1059
    - path: sim/system
      hash: md5
      md5: 835dd8934fd52777627fdb6c0d63f983.dir
      size: 15479
      nfiles: 6
    outs:
    - path: sim/results/time-ave-profile.csv
      hash: md5
      md5: d41d8cd98f00b204e9800998ecf8427e
      size: 0
  strip-notebook-outputs:
    cmd: conda run -n bl-turb-mod calkit nb clean notebook.ipynb
    deps:
    - path: notebook.ipynb
      hash: md5
      md5: 68c6359eb5972f2e7cd9f3614fc55cd7
      size: 15968878
    outs:
    - path: .calkit/notebooks/cleaned/notebook.ipynb
      hash: md5
      md5: 95ebd368cd793df44dce1f1f15cd113e
      size: 36961
  run-notebook:
    cmd: calkit nb execute --environment main-python --no-check --to html 
      "notebook.ipynb"
    deps:
    - path: .calkit/env-locks/main-python
      hash: md5
      md5: 250b99f3b13a93ca45efda9b3303cddf.dir
      size: 7386
      nfiles: 1
    - path: .calkit/notebooks/cleaned/notebook.ipynb
      hash: md5
      md5: cbc9140ab47a0899ed279b2e3e818f20
      size: 40795
    - path: sim/cases/k-epsilon-ny-15/postProcessing
      hash: md5
      md5: d68a4328771f30eff6258bd1be0ae6f9.dir
      size: 13306
      nfiles: 1
    - path: sim/cases/k-epsilon-ny-20/postProcessing
      hash: md5
      md5: 4cde0f7ed24b1bf7743818dabdd7008b.dir
      size: 13295
      nfiles: 1
    - path: sim/cases/k-epsilon-ny-30/postProcessing
      hash: md5
      md5: 640fe6fd6f5596d8a89bf452f4b06da6.dir
      size: 13311
      nfiles: 1
    - path: sim/cases/k-epsilon-ny-40/postProcessing
      hash: md5
      md5: 8b21b3a0ccacf22a1e1484f0fbd6358b.dir
      size: 13322
      nfiles: 1
    - path: sim/cases/k-epsilon-ny-60/postProcessing
      hash: md5
      md5: 2da54ec35ee9a403dc4baa4f21db9d52.dir
      size: 13336
      nfiles: 1
    - path: sim/cases/laminar-ny-40/postProcessing
      hash: md5
      md5: c8dbf65cedd6f7c5e87e3fea972e1c25.dir
      size: 13408
      nfiles: 1
    outs:
    - path: .calkit/notebooks/executed/notebook.ipynb
      hash: md5
      md5: 6e1876bf4a152c1df459296cf5adf8f8
      size: 15991065
    - path: .calkit/notebooks/html/notebook.html
      hash: md5
      md5: be09362189f107c2e3010f2e11436b09
      size: 15691297
  plot-time-ave-profiles:
    cmd: mkdir -p figures && touch figures/time-ave-profiles.pdf
    deps:
    - path: data/jhtdb-transitional-bl/time-ave-profiles.h5
      hash: md5
      md5: 46ce259ab949ecb23751eb88ec753ff2
      size: 83344240
    - path: sim/results/time-ave-profile.csv
      hash: md5
      md5: d41d8cd98f00b204e9800998ecf8427e
      size: 0
    outs:
    - path: figures/time-ave-profiles.pdf
      hash: md5
      md5: d41d8cd98f00b204e9800998ecf8427e
      size: 0
  plot-bl-dns:
    cmd: calkit xenv -n main-python --no-check -- python scripts/plot-bl-dns.py
    deps:
    - path: .calkit/env-locks/main-python
      hash: md5
      md5: 250b99f3b13a93ca45efda9b3303cddf.dir
      size: 7386
      nfiles: 1
    - path: data/jhtdb-transitional-bl/all-stats.h5
      hash: md5
      md5: 00a5a69441882a30eb8fee49ff13f125
      size: 354031752
    - path: scripts/plot-bl-dns.py
      hash: md5
      md5: c800d06e86e1169a2a52f8e1643b0704
      size: 407
    outs:
    - path: figures/bl-profile-dns.pdf
      hash: md5
      md5: df54521a50f0c8d5d80a57efce5baef3
      size: 9132
  build-paper:
    cmd: latexmk -pdf paper.tex
    deps:
    - path: ../figures/bl-profile-dns.pdf
      hash: md5
      md5: 809bf221005621de7d7ca8bb316e7afc
      size: 9132
    - path: ../references.bib
      hash: md5
      md5: 2fc1994a416f2c333bb576ad351f0fce
      size: 5856
    - path: paper.tex
      hash: md5
      md5: a4b377ea1048a8ddff704d217e47cee1
      size: 31166
    outs:
    - path: paper.pdf
      hash: md5
      md5: 0eb7b2c002a68a6b0c22651a34338e29
      size: 281725
  laminar-sim:
    cmd: calkit xenv -n blsim --no-check -- bash --noprofile --norc -c "bash 
      sim/run-laminar.sh"
    deps:
    - path: .calkit/env-locks/blsim
      hash: md5
      md5: f80c4f3010eb119b4b0b77452f84e6fd.dir
      size: 1754
      nfiles: 1
    - path: sim/run-laminar.sh
      hash: md5
      md5: 164587e7d15126090f4f540152d70950
      size: 125
    - path: sim/run.py
      hash: md5
      md5: 9a06d60c40dff633a8ed4d94a4bfcde6
      size: 4436
    - path: sim/system/blockMeshDict.template
      hash: md5
      md5: 929e0ead623cefe35ecc61a42e9f4b65
      size: 5014
    - path: sim/system/controlDict
      hash: md5
      md5: 5a237f528f8b406a3c203948c328f8b3
      size: 1418
    - path: sim/system/fvSchemes
      hash: md5
      md5: 6fef0be84478203a4b52c017dfdc6482
      size: 1743
    - path: sim/system/fvSolution
      hash: md5
      md5: 96c23f785d492f7426ccab4003c1cd6a
      size: 1697
    - path: sim/system/sample
      hash: md5
      md5: fe5811406d0ef554ab1061b37a077dac
      size: 1020
    outs:
    - path: sim/cases/laminar-ny-40/postProcessing
      hash: md5
      md5: c8dbf65cedd6f7c5e87e3fea972e1c25.dir
      size: 13408
      nfiles: 1
  save-mesh-snapshot-isometric:
    cmd: ' bash --noprofile --norc -c "bash scripts/save-mesh-snapshot.sh"'
    deps:
    - path: scripts/save-mesh-snapshot.sh
      hash: md5
      md5: b5f891b3d233c3a950017c3968a84e3c
      size: 263
    - path: sim/cases/k-epsilon-ny-40/constant/polyMesh
      hash: md5
      md5: f4bc4831eb4447e1334055f41409f797.dir
      size: 3119331
      nfiles: 5
    outs:
    - path: figures/rans-mesh-snapshot-isometric.png
      hash: md5
      md5: d41d8cd98f00b204e9800998ecf8427e
      size: 0
  check-conda-env:
    cmd: calkit check-conda-env
    deps:
    - path: environment.yml
      hash: md5
      md5: 2c9acad227e160713acecb9d57213fc6
      size: 4591
    outs:
    - path: environment-lock.yml
      hash: md5
      md5: cc771d3851eb540d1b0cde91e702ebe6
      size: 4633
  plot-closure-comparison:
    cmd: calkit xenv -n main-python --no-check -- python 
      scripts/plot-closure-comparison.py
    deps:
    - path: .calkit/env-locks/main-python
      hash: md5
      md5: 250b99f3b13a93ca45efda9b3303cddf.dir
      size: 7386
      nfiles: 1
    - path: data/jhtdb-transitional-bl/time-ave-profiles.h5
      hash: md5
      md5: 46ce259ab949ecb23751eb88ec753ff2
      size: 83344240
    - path: py_package/bl_solver.py
      hash: md5
      md5: 552f7986c4b3185f8fbb3a096b0f13e8
      size: 5891
    - path: py_package/closures.py
      hash: md5
      md5: 8fa20605ae9a1100204f9425a9821b6c
      size: 30161
    - path: py_package/dns_case.py
      hash: md5
      md5: 40a4be5063f0a1c421afce157f94450f
      size: 3967
    - path: results/closure-params.json
      hash: md5
      md5: f1e4af9505a160281639989d0881eaeb
      size: 567
    - path: scripts/plot-closure-comparison.py
      hash: md5
      md5: d5e7b01acc3ffdfc6e5dca534e0ccb46
      size: 2313
      isexec: true
    outs:
    - path: figures/closure-comparison.pdf
      hash: md5
      md5: 943586366ac0378d284d3cb0e2099813
      size: 483290
  validate-bl-solver:
    cmd: calkit xenv -n main-python --no-check -- python 
      scripts/validate-bl-solver.py
    deps:
    - path: .calkit/env-locks/main-python
      hash: md5
      md5: 250b99f3b13a93ca45efda9b3303cddf.dir
      size: 7386
      nfiles: 1
    - path: py_package/bl_solver.py
      hash: md5
      md5: 552f7986c4b3185f8fbb3a096b0f13e8
      size: 5891
    - path: py_package/closures.py
      hash: md5
      md5: e45d70620923d63fdc67455203aead7c
      size: 31157
    - path: scripts/validate-bl-solver.py
      hash: md5
      md5: 7c36f22336727272c3eef9bedf6fd31f
      size: 2776
      isexec: true
    outs:
    - path: results/blasius-validation.json
      hash: md5
      md5: 52daf7dc9fad43cdc368f2d3a82de5a0
      size: 4864
  discover-closure:
    cmd: calkit xenv -n main-python --no-check -- python 
      scripts/discover-closure.py --n-random 300 --n-refine 150 --x-stride 8
    deps:
    - path: .calkit/env-locks/main-python
      hash: md5
      md5: 250b99f3b13a93ca45efda9b3303cddf.dir
      size: 7386
      nfiles: 1
    - path: data/jhtdb-transitional-bl/time-ave-profiles.h5
      hash: md5
      md5: 46ce259ab949ecb23751eb88ec753ff2
      size: 83344240
    - path: py_package/bl_solver.py
      hash: md5
      md5: 552f7986c4b3185f8fbb3a096b0f13e8
      size: 5891
    - path: py_package/closures.py
      hash: md5
      md5: e45d70620923d63fdc67455203aead7c
      size: 31157
    - path: py_package/dns_case.py
      hash: md5
      md5: 40a4be5063f0a1c421afce157f94450f
      size: 3967
    - path: py_package/search.py
      hash: md5
      md5: 96fbf1570ac1c7f292abd6bce393d4f1
      size: 3243
    - path: scripts/discover-closure.py
      hash: md5
      md5: e1462064fac8af6613e7c0c37a7cbe24
      size: 4248
      isexec: true
    outs:
    - path: results/closure-params.json
      hash: md5
      md5: f1e4af9505a160281639989d0881eaeb
      size: 567
    - path: results/closure-search.json
      hash: md5
      md5: dcf0ab37abe9db0e36441b9b38507e13
      size: 5843
  fit-openfoam-coeffs:
    cmd: calkit xenv -n main-python --no-check -- python 
      scripts/fit-openfoam-coeffs.py --n-random 500 --n-refine 250 --x-stride 8
    deps:
    - path: .calkit/env-locks/main-python
      hash: md5
      md5: 250b99f3b13a93ca45efda9b3303cddf.dir
      size: 7386
      nfiles: 1
    - path: data/jhtdb-transitional-bl/time-ave-profiles.h5
      hash: md5
      md5: 46ce259ab949ecb23751eb88ec753ff2
      size: 83344240
    - path: py_package/bl_solver.py
      hash: md5
      md5: 552f7986c4b3185f8fbb3a096b0f13e8
      size: 5891
    - path: py_package/closures.py
      hash: md5
      md5: ce9f2a27cb2882854d7c3f930b0a8372
      size: 35295
    - path: py_package/dns_case.py
      hash: md5
      md5: 5f4ca009f74fb271120e3c39185e7f1c
      size: 4913
    - path: py_package/search.py
      hash: md5
      md5: 10b23331733f4846692ccb7a2d166184
      size: 4288
    - path: scripts/fit-openfoam-coeffs.py
      hash: md5
      md5: 44270424b5fdfebf3c2c1058022b3faf
      size: 5842
      isexec: true
    outs:
    - path: results/clip-k-gamma-coeffs.json
      hash: md5
      md5: 0360d00eb0941a7ce767eefc9abac37c
      size: 1470
  build-turbulence-lib:
    cmd: calkit xenv -n blsim --no-check -- bash --noprofile --norc -c "bash 
      sim/build-model.sh"
    deps:
    - path: .calkit/env-locks/blsim
      hash: md5
      md5: 861a1929174dacf95a5927954cdd9044.dir
      size: 1429
      nfiles: 1
    - path: sim/build-model.sh
      hash: md5
      md5: 45ed57a4cc2f07dd2b867d24d9263453
      size: 645
      isexec: true
    - path: sim/newModel/src
      hash: md5
      md5: 60ac27c2068cd7dba33de1047bd34423.dir
      size: 4661536
      nfiles: 31
    outs:
    - path: sim/newModel/platforms
      hash: md5
      md5: 9d77b818b86edc495a1f3a4ec0aeed57.dir
      size: 1361768
      nfiles: 1
  clip-k-gamma-sim:
    cmd: calkit xenv -n blsim --no-check -- bash --noprofile --norc -c "bash 
      sim/run-clip-k-gamma.sh 80 500"
    deps:
    - path: .calkit/env-locks/blsim
      hash: md5
      md5: 861a1929174dacf95a5927954cdd9044.dir
      size: 1429
      nfiles: 1
    - path: results/clip-k-gamma-coeffs.json
      hash: md5
      md5: e0a5c490adbdf0c2f25911ebc20d4cf6
      size: 1119
    - path: sim/constant/turbulenceProperties.template
      hash: md5
      md5: 66a9c6c214d71aa7a5c1f897fdbb9d50
      size: 2286
    - path: sim/fields-low-re
      hash: md5
      md5: 5823d107053acb461d4f5fd44d35f4c9.dir
      size: 8748
      nfiles: 6
    - path: sim/foam-env.sh
      hash: md5
      md5: 11e7b92f9b83fd6a1c158ad98c5dfe4c
      size: 515
    - path: sim/newModel/platforms
      hash: md5
      md5: 9d77b818b86edc495a1f3a4ec0aeed57.dir
      size: 1361768
      nfiles: 1
    - path: sim/run-clip-k-gamma.sh
      hash: md5
      md5: 6e596618f44310bb0358d109761c9481
      size: 809
      isexec: true
    - path: sim/run.py
      hash: md5
      md5: 8df2355ef3209658b60586e9126e60b9
      size: 6083
    - path: sim/system/blockMeshDict.template
      hash: md5
      md5: 86570d275dc5cdd8aaa5e5b433df9f41
      size: 5044
    - path: sim/system/controlDict
      hash: md5
      md5: 6b131532989417fb0ae6750f2d981530
      size: 1522
    - path: sim/system/fvSchemes
      hash: md5
      md5: c14b9344f5133407a02fefffe871055c
      size: 1844
    - path: sim/system/fvSolution
      hash: md5
      md5: 1126c619c65880768948d6180b21d15a
      size: 1709
    - path: sim/system/sample
      hash: md5
      md5: 217e766f1f2e71c90f3f5142504c2bab
      size: 2960
    outs:
    - path: sim/cases/clip-k-gamma-ny-80/postProcessing
      hash: md5
      md5: 2cb2b322717c45ffbc8c0135f39b1bf4.dir
      size: 496514
      nfiles: 14
  compare-openfoam-dns:
    cmd: calkit xenv -n main-python --no-check -- python 
      scripts/compare-openfoam-dns.py --cases sim/cases/clip-k-gamma-ny-80 
      sim/cases/k-epsilon-wall-resolved sim/cases/laminar-wall-resolved --labels
      clip-k-gamma k-epsilon laminar
    deps:
    - path: .calkit/env-locks/main-python
      hash: md5
      md5: 250b99f3b13a93ca45efda9b3303cddf.dir
      size: 7386
      nfiles: 1
    - path: data/jhtdb-transitional-bl/time-ave-profiles.h5
      hash: md5
      md5: 46ce259ab949ecb23751eb88ec753ff2
      size: 83344240
    - path: py_package/dns_case.py
      hash: md5
      md5: 40a4be5063f0a1c421afce157f94450f
      size: 3967
    - path: scripts/compare-openfoam-dns.py
      hash: md5
      md5: 7ed58fc0545800233381e1a1b72e8c80
      size: 4721
      isexec: true
    - path: sim/cases/clip-k-gamma-ny-80/postProcessing
      hash: md5
      md5: 2cb2b322717c45ffbc8c0135f39b1bf4.dir
      size: 496514
      nfiles: 14
    - path: sim/cases/k-epsilon-wall-resolved/postProcessing
      hash: md5
      md5: 3b75393f0c59f2870761fa0dffb628c2.dir
      size: 385936
      nfiles: 14
    - path: sim/cases/laminar-wall-resolved/postProcessing
      hash: md5
      md5: 9cbed197b034c2ec94cfe56d14aeeda3.dir
      size: 252990
      nfiles: 14
    outs:
    - path: figures/openfoam-vs-dns.pdf
      hash: md5
      md5: 63e94d9ddc21089c1d13500f31a34661
      size: 24388
    - path: results/openfoam-vs-dns.json
      hash: md5
      md5: 809fb4bba690a1acc0f6d45de42faac9
      size: 5595
  evolve-closure:
    cmd: calkit xenv -n main-python --no-check -- python 
      scripts/evolve-closure.py --generations 6 --population 14 --x-stride 12
    deps:
    - path: .calkit/env-locks/main-python
      hash: md5
      md5: 250b99f3b13a93ca45efda9b3303cddf.dir
      size: 7386
      nfiles: 1
    - path: data/jhtdb-transitional-bl/time-ave-profiles.h5
      hash: md5
      md5: 46ce259ab949ecb23751eb88ec753ff2
      size: 83344240
    - path: py_package/bl_solver.py
      hash: md5
      md5: 552f7986c4b3185f8fbb3a096b0f13e8
      size: 5891
    - path: py_package/closures.py
      hash: md5
      md5: 7be9e1a29937614f8cfacd224a87a932
      size: 31895
    - path: py_package/dns_case.py
      hash: md5
      md5: 40a4be5063f0a1c421afce157f94450f
      size: 3967
    - path: py_package/evolve.py
      hash: md5
      md5: 175d3b9eeab544aa4dd6b28edae4fbf6
      size: 5879
    - path: py_package/grammar.py
      hash: md5
      md5: 5c45b7aaf318b07ea53517d4b42d0b19
      size: 8181
    - path: scripts/evolve-closure.py
      hash: md5
      md5: c8d088b575a1d6254c6790e7701dc95e
      size: 2981
      isexec: true
    outs:
    - path: results/closure-evolution.json
      hash: md5
      md5: b90a30198717298fa8a0911149cc6402
      size: 48449
  analyze-exergy-budget:
    cmd: calkit xenv -n main-python --no-check -- python 
      scripts/analyze-exergy-budget.py
    deps:
    - path: .calkit/env-locks/main-python
      hash: md5
      md5: 250b99f3b13a93ca45efda9b3303cddf.dir
      size: 7386
      nfiles: 1
    - path: data/jhtdb-transitional-bl/time-ave-profiles.h5
      hash: md5
      md5: 46ce259ab949ecb23751eb88ec753ff2
      size: 83344240
    - path: py_package/dns_case.py
      hash: md5
      md5: 40a4be5063f0a1c421afce157f94450f
      size: 3967
    - path: scripts/analyze-exergy-budget.py
      hash: md5
      md5: 6a2f0f7cbd6d109f35dbcf93de3f599c
      size: 4000
      isexec: true
    outs:
    - path: results/exergy-budget.json
      hash: md5
      md5: 028ce8bfc449f578a515588a22adcb5f
      size: 14742
  summarize-findings:
    cmd: calkit xenv -n main-python --no-check -- python 
      scripts/summarize-findings.py
    deps:
    - path: .calkit/env-locks/main-python
      hash: md5
      md5: 250b99f3b13a93ca45efda9b3303cddf.dir
      size: 7386
      nfiles: 1
    - path: results/blasius-validation.json
      hash: md5
      md5: 52daf7dc9fad43cdc368f2d3a82de5a0
      size: 4864
    - path: results/clip-k-gamma-coeffs.json
      hash: md5
      md5: e0a5c490adbdf0c2f25911ebc20d4cf6
      size: 1119
    - path: results/closure-ablation.json
      hash: md5
      md5: 3a79bacfcbb5e0c9af56f86638e806cc
      size: 2772
    - path: results/closure-evolution.json
      hash: md5
      md5: b90a30198717298fa8a0911149cc6402
      size: 48449
    - path: results/closure-search.json
      hash: md5
      md5: dcf0ab37abe9db0e36441b9b38507e13
      size: 5843
    - path: results/exergy-budget.json
      hash: md5
      md5: 028ce8bfc449f578a515588a22adcb5f
      size: 14742
    - path: results/flow-structure.json
      hash: md5
      md5: 7e5e2decd985f494a1bf28bdf271dc41
      size: 13313
    - path: results/openfoam-vs-dns.json
      hash: md5
      md5: 809fb4bba690a1acc0f6d45de42faac9
      size: 5595
    - path: scripts/summarize-findings.py
      hash: md5
      md5: 0199bd966cf1cc4f2ea0024b8fb3ea5a
      size: 4166
      isexec: true
    outs:
    - path: results/findings.json
      hash: md5
      md5: 71e1f18704f099e2c772890534c33d80
      size: 1735
  analyze-flow-structure:
    cmd: calkit xenv -n main-python --no-check -- python 
      scripts/analyze-flow-structure.py
    deps:
    - path: .calkit/env-locks/main-python
      hash: md5
      md5: 250b99f3b13a93ca45efda9b3303cddf.dir
      size: 7386
      nfiles: 1
    - path: data/jhtdb-transitional-bl/time-ave-profiles.h5
      hash: md5
      md5: 46ce259ab949ecb23751eb88ec753ff2
      size: 83344240
    - path: py_package/dns_case.py
      hash: md5
      md5: 40a4be5063f0a1c421afce157f94450f
      size: 3967
    - path: scripts/analyze-flow-structure.py
      hash: md5
      md5: b8400abdfe181c3fbb4d195df4ee6451
      size: 8013
      isexec: true
    outs:
    - path: results/flow-structure.json
      hash: md5
      md5: 7e5e2decd985f494a1bf28bdf271dc41
      size: 13313
